
Microsoft Visual Studio Solution File, Format Version 12.00
# Visual Studio Version 17
VisualStudioVersion = 17.4.33205.214
MinimumVisualStudioVersion = 10.0.40219.1
Project("{FAE04EC0-301F-11D3-BF4B-00C04F79EFBC}") = "PapyrusDotNet", "PapyrusDotNet\PapyrusDotNet.csproj", "{AA733154-9F0A-4B20-A103-F4E63D16F322}"
EndProject
Project("{FAE04EC0-301F-11D3-BF4B-00C04F79EFBC}") = "Common", "Common\Common.csproj", "{00812534-FB6B-4356-9D47-5487EC38339D}"
EndProject
Project("{FAE04EC0-301F-11D3-BF4B-00C04F79EFBC}") = "Converters.Clr2Papyrus", "Converters.Clr2Papyrus\Converters.Clr2Papyrus.csproj", "{DBF8AE70-1A13-462B-A6F2-57F1BB904B79}"
EndProject
Project("{FAE04EC0-301F-11D3-BF4B-00C04F79EFBC}") = "Converters.Papyrus2Clr", "Converters.Papyrus2Clr\Converters.Papyrus2Clr.csproj", "{D34BA68D-152B-4047-A1CB-8BDFE9E11BAF}"
EndProject
Project("{FAE04EC0-301F-11D3-BF4B-00C04F79EFBC}") = "PapyrusAssembly", "PapyrusAssembly\PapyrusAssembly.csproj", "{F9178D35-8C28-4C42-97F0-0B195D9FCA7A}"
EndProject
Global
	GlobalSection(SolutionConfigurationPlatforms) = preSolution
		Debug|Any CPU = Debug|Any CPU
		Release|Any CPU = Release|Any CPU
	EndGlobalSection
	GlobalSection(ProjectConfigurationPlatforms) = postSolution
		{AA733154-9F0A-4B20-A103-F4E63D16F322}.Debug|Any CPU.ActiveCfg = Debug|Any CPU
		{AA733154-9F0A-4B20-A103-F4E63D16F322}.Debug|Any CPU.Build.0 = Debug|Any CPU
		{AA733154-9F0A-4B20-A103-F4E63D16F322}.Release|Any CPU.ActiveCfg = Release|Any CPU
		{AA733154-9F0A-4B20-A103-F4E63D16F322}.Release|Any CPU.Build.0 = Release|Any CPU
		{00812534-FB6B-4356-9D47-5487EC38339D}.Debug|Any CPU.ActiveCfg = Debug|Any CPU
		{00812534-FB6B-4356-9D47-5487EC38339D}.Debug|Any CPU.Build.0 = Debug|Any CPU
		{00812534-FB6B-4356-9D47-5487EC38339D}.Release|Any CPU.ActiveCfg = Release|Any CPU
		{00812534-FB6B-4356-9D47-5487EC38339D}.Release|Any CPU.Build.0 = Release|Any CPU
		{DBF8AE70-1A13-462B-A6F2-57F1BB904B79}.Debug|Any CPU.ActiveCfg = Debug|Any CPU
		{DBF8AE70-1A13-462B-A6F2-57F1BB904B79}.Debug|Any CPU.Build.0 = Debug|Any CPU
		{DBF8AE70-1A13-462B-A6F2-57F1BB904B79}.Release|Any CPU.ActiveCfg = Release|Any CPU
		{DBF8AE70-1A13-462B-A6F2-57F1BB904B79}.Release|Any CPU.Build.0 = Release|Any CPU
		{D34BA68D-152B-4047-A1CB-8BDFE9E11BAF}.Debug|Any CPU.ActiveCfg = Debug|Any CPU
		{D34BA68D-152B-4047-A1CB-8BDFE9E11BAF}.Debug|Any CPU.Build.0 = Debug|Any CPU
		{D34BA68D-152B-4047-A1CB-8BDFE9E11BAF}.Release|Any CPU.ActiveCfg = Release|Any CPU
		{D34BA68D-152B-4047-A1CB-8BDFE9E11BAF}.Release|Any CPU.Build.0 = Release|Any CPU
		{F9178D35-8C28-4C42-97F0-0B195D9FCA7A}.Debug|Any CPU.ActiveCfg = Debug|Any CPU
		{F9178D35-8C28-4C42-97F0-0B195D9FCA7A}.Debug|Any CPU.Build.0 = Debug|Any CPU
		{F9178D35-8C28-4C42-97F0-0B195D9FCA7A}.Release|Any CPU.ActiveCfg = Release|Any CPU
		{F9178D35-8C28-4C42-97F0-0B195D9FCA7A}.Release|Any CPU.Build.0 = Release|Any CPU
	EndGlobalSection
	GlobalSection(SolutionProperties) = preSolution
		HideSolutionNode = FALSE
	EndGlobalSection
	GlobalSection(ExtensibilityGlobals) = postSolution
		SolutionGuid = {B3D6F161-C812-4F31-92AD-B260DCDA5017}
	EndGlobalSection
EndGlobal
